PODS:
  - Capacitor (6.2.1):
    - CapacitorCordova
  - CapacitorCamera (6.1.2):
    - Capacitor
  - CapacitorCordova (6.2.1)
  - CapacitorPushNotifications (6.0.4):
    - Capacitor
  - CapacitorSplashScreen (6.0.3):
    - Capacitor
  - GliaCoreDependency (2.4.0)
  - GliaCoreSDK (2.3.0):
    - GliaCoreDependency (= 2.4.0)
    - GliaOpenTelemetry (= 1.0.5)
    - PhoenixChannelsClient (= 1.0.1)
    - TwilioVoice (= 6.8.0)
    - WebRTC-lib (= 119.0.0)
  - GliaOpenTelemetry (1.0.5)
  - GliaWidgets (3.3.0):
    - GliaCoreSDK (= 2.3.0)
  - GliaWidgetsIonic (3.2.2):
    - Capacitor
    - GliaWidgets (= 3.3.0)
  - PhoenixChannelsClient (1.0.1)
  - TwilioVoice (6.8.0)
  - WebRTC-lib (119.0.0)

DEPENDENCIES:
  - "Capacitor (from `../../node_modules/@capacitor/ios`)"
  - "CapacitorCamera (from `../../node_modules/@capacitor/camera`)"
  - "CapacitorCordova (from `../../node_modules/@capacitor/ios`)"
  - "CapacitorPushNotifications (from `../../node_modules/@capacitor/push-notifications`)"
  - "CapacitorSplashScreen (from `../../node_modules/@capacitor/splash-screen`)"
  - GliaWidgetsIonic (from `../../..`)

SPEC REPOS:
  trunk:
    - GliaCoreDependency
    - GliaCoreSDK
    - GliaOpenTelemetry
    - GliaWidgets
    - PhoenixChannelsClient
    - TwilioVoice
    - WebRTC-lib

EXTERNAL SOURCES:
  Capacitor:
    :path: "../../node_modules/@capacitor/ios"
  CapacitorCamera:
    :path: "../../node_modules/@capacitor/camera"
  CapacitorCordova:
    :path: "../../node_modules/@capacitor/ios"
  CapacitorPushNotifications:
    :path: "../../node_modules/@capacitor/push-notifications"
  CapacitorSplashScreen:
    :path: "../../node_modules/@capacitor/splash-screen"
  GliaWidgetsIonic:
    :path: "../../.."

SPEC CHECKSUMS:
  Capacitor: 1e0d0e7330dea9f983b50da737d8918abcf273f8
  CapacitorCamera: 9052bd3f464f135ba983feccd8ac1266272f0549
  CapacitorCordova: 8d93e14982f440181be7304aa9559ca631d77fff
  CapacitorPushNotifications: 1fc22ae360214a0ac0625c348d3aea217085163d
  CapacitorSplashScreen: 68893659d77b5f82d753b3a70475082845e3039c
  GliaCoreDependency: bf99fc5a6fe66348b58123caded985506a8cf762
  GliaCoreSDK: adda44248cb9e4f8dc43ce07349d9b1f1a71ae68
  GliaOpenTelemetry: 68e17e91ffd098b435129d56d1b1f2d263efea0d
  GliaWidgets: c394d75d38b199b96db7578116a16f45beef7886
  GliaWidgetsIonic: 62d1af273a05bbcbf45b28d07c8dcb04bfeaf53e
  PhoenixChannelsClient: 74cf91ecd76471e5fb262745256733dce7ee3cb6
  TwilioVoice: 9563c9ad71b9ab7bbad0b59b67cfe4be96c75d23
  WebRTC-lib: 4e9a17058f880cd658e88383c1ac8f1119af3700

PODFILE CHECKSUM: 3669c05a1a7b91843759dbd0152317e6cf85c176

COCOAPODS: 1.16.2
